{
  "name": "risingstack-bootcamp-reference",
  "version": "1.0.0",
  "lockfileVersion": 1,
  "requires": true,
  "dependencies": {
    "chai": {
      "version": "4.0.2",
      "resolved": "https://registry.npmjs.org/chai/-/chai-4.0.2.tgz",
      "integrity": "sha1-L3MnxN5vOF3XeHmZ4qsCaXoyuDs=",
      "dev": true
    },
    "colorette": {
      "version": "2.0.19",
      "resolved": "https://registry.npmjs.org/colorette/-/colorette-2.0.19.tgz",
      "integrity": "sha512-3tlv/dIP7FWvj3BsbHrGLJ6l/oKh1O3TcgBqMn+yyCagOxc23fyzDS6HypQbgxWbkpDnf52p1LuR4eWDQ/K9WQ=="
    },
    "dotenv": {
      "version": "4.0.0",
      "resolved": "https://registry.npmjs.org/dotenv/-/dotenv-4.0.0.tgz",
      "integrity": "sha1-hk7xN5rO1Vzm+V3r7NzhefegzR0=",
      "dev": true
    },
    "escalade": {
      "version": "3.1.1",
      "resolved": "https://registry.npmjs.org/escalade/-/escalade-3.1.1.tgz",
      "integrity": "sha512-k0er2gUkLf8O0zKJiAhmkTnJlTvINGv7ygDNPbeIsX/TJjGJZHuh9B2UxbsaEkmlEo9MfhrSzmhIlhRlI2GXnw=="
    },
    "eslint": {
      "version": "4.0.0",
      "resolved": "https://registry.npmjs.org/eslint/-/eslint-4.0.0.tgz",
      "integrity": "sha1-cnfAFDf99B3M0WjVqg5Jt1yh8mA=",
      "dev": true,
      "dependencies": {
        "ansi-escapes": {
          "version": "2.0.0",
          "resolved": "https://registry.npmjs.org/ansi-escapes/-/ansi-escapes-2.0.0.tgz",
          "integrity": "sha1-W65SvkJIeN2Xg+iRDj/Cki6DyBs="
        },
        "cli-cursor": {
          "version": "2.1.0",
          "resolved": "https://registry.npmjs.org/cli-cursor/-/cli-cursor-2.1.0.tgz",
          "integrity": "sha1-s12sN2R5+sw+lHR9QdDQ9SOP/LU="
        },
        "debug": {
          "version": "2.6.8",
          "resolved": "https://registry.npmjs.org/debug/-/debug-2.6.8.tgz",
          "integrity": "sha1-5zFTHKLt4n0YgiJCfaF4IdaP9Pw="
        },
        "figures": {
          "version": "2.0.0",
          "resolved": "https://registry.npmjs.org/figures/-/figures-2.0.0.tgz",
          "integrity": "sha1-OrGi0qYsi/tDGgyUy3l6L84nyWI="
        },
        "inquirer": {
          "version": "3.1.0",
          "resolved": "https://registry.npmjs.org/inquirer/-/inquirer-3.1.0.tgz",
          "integrity": "sha512-JLl89yPOEoGohLjeGs3XCekeovADbrEw/WRJQYgPED6zeJWrpIsY9i9/rn+VltZox/9w94lVYqo94QfEmniB1w=="
        },
        "is-fullwidth-code-point": {
          "version": "2.0.0",
          "resolved": "https://registry.npmjs.org/is-fullwidth-code-point/-/is-fullwidth-code-point-2.0.0.tgz",
          "integrity": "sha1-o7MKXE8ZkYMWeqq5O+764937ZU8="
        },
        "mute-stream": {
          "version": "0.0.7",
          "resolved": "https://registry.npmjs.org/mute-stream/-/mute-stream-0.0.7.tgz",
          "integrity": "sha1-MHXOk7whuPq0PhvE2n6BFe0ee6s="
        },
        "onetime": {
          "version": "2.0.1",
          "resolved": "https://registry.npmjs.org/onetime/-/onetime-2.0.1.tgz",
          "integrity": "sha1-BnQoIw/WdEOyeUsiu6UotoZ5YtQ="
        },
        "pluralize": {
          "version": "4.0.0",
          "resolved": "https://registry.npmjs.org/pluralize/-/pluralize-4.0.0.tgz",
          "integrity": "sha1-WbcIwcAZCi9pLxx2GMRGsFL9F2I="
        },
        "progress": {
          "version": "2.0.0",
          "resolved": "https://registry.npmjs.org/progress/-/progress-2.0.0.tgz",
          "integrity": "sha1-ihvjZr+Pwj2yvSPxDG/pILQ4nR8="
        },
        "restore-cursor": {
          "version": "2.0.0",
          "resolved": "https://registry.npmjs.org/restore-cursor/-/restore-cursor-2.0.0.tgz",
          "integrity": "sha1-n37ih/gv0ybU/RYpI9YhKe7g368="
        },
        "run-async": {
          "version": "2.3.0",
          "resolved": "https://registry.npmjs.org/run-async/-/run-async-2.3.0.tgz",
          "integrity": "sha1-A3GrSuC91yDUFm19/aZP96RFpsA="
        },
        "rx-lite": {
          "version": "4.0.8",
          "resolved": "https://registry.npmjs.org/rx-lite/-/rx-lite-4.0.8.tgz",
          "integrity": "sha1-Cx4Rr4vESDbwSmQH6S2kJGe3lEQ="
        },
        "string-width": {
          "version": "2.0.0",
          "resolved": "https://registry.npmjs.org/string-width/-/string-width-2.0.0.tgz",
          "integrity": "sha1-Y1xUNsxypuDDh87KJ41OLuxSaH4="
        },
        "table": {
          "version": "4.0.1",
          "resolved": "https://registry.npmjs.org/table/-/table-4.0.1.tgz",
          "integrity": "sha1-qBFsEz+sLGH0pCCrbN9cTWHw5DU="
        }
      }
    },
    "eslint-config-airbnb-base": {
      "version": "11.2.0",
      "resolved": "https://registry.npmjs.org/eslint-config-airbnb-base/-/eslint-config-airbnb-base-11.2.0.tgz",
      "integrity": "sha1-GancRIGib3CQRUXsBAEWh2AY+FM=",
      "dev": true
    },
    "eslint-plugin-import": {
      "version": "2.3.0",
      "resolved": "https://registry.npmjs.org/eslint-plugin-import/-/eslint-plugin-import-2.3.0.tgz",
      "integrity": "sha1-N8gB4K2g4pbL3yDD85OstbUq82s=",
      "dev": true,
      "dependencies": {
        "doctrine": {
          "version": "1.5.0",
          "resolved": "https://registry.npmjs.org/doctrine/-/doctrine-1.5.0.tgz",
          "integrity": "sha1-N53Ocw9hZvds76TmcHoVmwLFpvo="
        }
      }
    },
    "esm": {
      "version": "3.2.25",
      "resolved": "https://registry.npmjs.org/esm/-/esm-3.2.25.tgz",
      "integrity": "sha512-U1suiZ2oDVWv4zPO56S0NcR5QriEahGtdN2OR6FiOG4WJvcjBVFB0qI4+eKoWFH483PKGuLuu6V8Z4T5g63UVA=="
    },
    "get-package-type": {
      "version": "0.1.0",
      "resolved": "https://registry.npmjs.org/get-package-type/-/get-package-type-0.1.0.tgz",
      "integrity": "sha512-pjzuKtY64GYfWizNAJ0fr9VqttZkNiK2iS430LtIHzjBEr6bX8Am2zm4sW4Ro5wjWW5cAlRL1qAMTcXbjNAO2Q=="
    },
    "getopts": {
      "version": "2.3.0",
      "resolved": "https://registry.npmjs.org/getopts/-/getopts-2.3.0.tgz",
      "integrity": "sha512-5eDf9fuSXwxBL6q5HX+dhDj+dslFGWzU5thZ9kNKUkcPtaPdatmUFKwHFrLb/uf/WpA4BHET+AX3Scl56cAjpA=="
    },
    "interpret": {
      "version": "2.2.0",
      "resolved": "https://registry.npmjs.org/interpret/-/interpret-2.2.0.tgz",
      "integrity": "sha512-Ju0Bz/cEia55xDwUWEa8+olFpCiQoypjnQySseKtmjNrnps3P+xfpUmGr90T7yjlVJmOtybRvPXhKMbHr+fWnw=="
    },
    "ioredis": {
      "version": "3.1.1",
      "resolved": "https://registry.npmjs.org/ioredis/-/ioredis-3.1.1.tgz",
      "integrity": "sha1-zC8dMjK4yVzBUwRrzhaPK6oRhug="
    },
    "is-core-module": {
      "version": "2.11.0",
      "resolved": "https://registry.npmjs.org/is-core-module/-/is-core-module-2.11.0.tgz",
      "integrity": "sha512-RRjxlvLDkD1YJwDbroBHMb+cukurkDWNyHx7D3oNB5x9rb5ogcksMC5wHCadcXoo67gVr/+3GFySh3134zi6rw==",
      "requires": {
        "has": "^1.0.3"
      },
      "dependencies": {
        "function-bind": {
          "version": "1.1.1",
          "resolved": "https://registry.npmjs.org/function-bind/-/function-bind-1.1.1.tgz",
          "integrity": "sha512-yIovAzMX49sF8Yl58fSCWJ5svSLuaibPxXQJFLmBObTuCr0Mf1KiPopGM9NiFjiYBCbfaa2Fh6breQ6ANVTI0A=="
        },
        "has": {
          "version": "1.0.3",
          "resolved": "https://registry.npmjs.org/has/-/has-1.0.3.tgz",
          "integrity": "sha512-f2dvO0VU6Oej7RkWJGrehjbzMAjFp5/VKPp5tTpWIV4JHHZK1/BxbFRtf/siA2SWTe09caDmVtYYzWEIbBS4zw==",
          "requires": {
            "function-bind": "^1.1.1"
          }
        }
      }
    },
    "joi": {
      "version": "10.6.0",
      "resolved": "https://registry.npmjs.org/joi/-/joi-10.6.0.tgz",
      "integrity": "sha512-hBF3LcqyAid+9X/pwg+eXjD2QBZI5eXnBFJYaAkH4SK3mp9QSRiiQnDYlmlz5pccMvnLcJRS4whhDOTCkmsAdQ==",
      "dependencies": {
        "hoek": {
          "version": "4.1.1",
          "resolved": "https://registry.npmjs.org/hoek/-/hoek-4.1.1.tgz",
          "integrity": "sha1-nMVz/7ore0CPtenCoTeWvpTN3Ok="
        }
      }
    },
    "knex": {
      "version": "2.4.0",
      "resolved": "https://registry.npmjs.org/knex/-/knex-2.4.0.tgz",
      "integrity": "sha512-i0GWwqYp1Hs2yvc2rlDO6nzzkLhwdyOZKRdsMTB8ZxOs2IXQyL5rBjSbS1krowCh6V65T4X9CJaKtuIfkaPGSA==",
      "requires": {
        "colorette": "2.0.19",
        "commander": "^9.1.0",
        "debug": "4.3.4",
        "escalade": "^3.1.1",
        "esm": "^3.2.25",
        "get-package-type": "^0.1.0",
        "getopts": "2.3.0",
        "interpret": "^2.2.0",
        "lodash": "^4.17.21",
        "pg-connection-string": "2.5.0",
        "rechoir": "^0.8.0",
        "resolve-from": "^5.0.0",
        "tarn": "^3.0.2",
        "tildify": "2.0.0"
      },
      "dependencies": {
        "commander": {
          "version": "9.5.0",
          "resolved": "https://registry.npmjs.org/commander/-/commander-9.5.0.tgz",
          "integrity": "sha512-KRs7WVDKg86PWiuAqhDrAQnTXZKraVcCc6vFdL14qrZ/DcWwuRo7VoiYXalXO7S5GKpqYiVEwCbgFDfxNHKJBQ=="
        },
        "debug": {
          "version": "4.3.4",
          "resolved": "https://registry.npmjs.org/debug/-/debug-4.3.4.tgz",
          "integrity": "sha512-PRWFHuSU3eDtQJPvnNY7Jcket1j0t5OuOsFzPPzsekD52Zl8qUfFIPEiswXqIvHWGVHOgX+7G/vCNNhehwxfkQ==",
          "requires": {
            "ms": "2.1.2"
          }
        },
        "lodash": {
          "version": "4.17.21",
          "resolved": "https://registry.npmjs.org/lodash/-/lodash-4.17.21.tgz",
          "integrity": "sha512-v2kDEe57lecTulaDIuNTPy3Ry4gLGJ6Z1O3vE1krgXZNrsQ+LFTGHVxVjcXPs17LhbZVGedAJv8XZ1tvj5FvSg=="
        },
        "ms": {
          "version": "2.1.2",
          "resolved": "https://registry.npmjs.org/ms/-/ms-2.1.2.tgz",
          "integrity": "sha512-sGkPx+VjMtmA6MX27oA4FBFELFCZZ4S4XqeGOXCv68tT+jb3vk/RyaKWP0PTKyWtmLSM0b+adUTEvbs1PEaH2w=="
        },
        "path-parse": {
          "version": "1.0.7",
          "resolved": "https://registry.npmjs.org/path-parse/-/path-parse-1.0.7.tgz",
          "integrity": "sha512-LDJzPVEEEPR+y48z93A0Ed0yXb8pAByGWo/k5YYdYgpY2/2EsOsksJrq7lOHxryrVOn1ejG6oAp8ahvOIQD8sw=="
        },
        "pg-connection-string": {
          "version": "2.5.0",
          "resolved": "https://registry.npmjs.org/pg-connection-string/-/pg-connection-string-2.5.0.tgz",
          "integrity": "sha512-r5o/V/ORTA6TmUnyWZR9nCj1klXCO2CEKNRlVuJptZe85QuhFayC7WeMic7ndayT5IRIR0S0xFxFi2ousartlQ=="
        },
        "rechoir": {
          "version": "0.8.0",
          "resolved": "https://registry.npmjs.org/rechoir/-/rechoir-0.8.0.tgz",
          "integrity": "sha512-/vxpCXddiX8NGfGO/mTafwjq4aFa/71pvamip0++IQk3zG8cbCj0fifNPrjjF1XMXUne91jL9OoxmdykoEtifQ==",
          "requires": {
            "resolve": "^1.20.0"
          }
        },
        "resolve": {
          "version": "1.22.1",
          "resolved": "https://registry.npmjs.org/resolve/-/resolve-1.22.1.tgz",
          "integrity": "sha512-nBpuuYuY5jFsli/JIs1oldw6fOQCBioohqWZg/2hiaOybXOft4lonv85uDOKXdf8rhyK159cxU5cDcK/NKk8zw==",
          "requires": {
            "is-core-module": "^2.9.0",
            "path-parse": "^1.0.7",
            "supports-preserve-symlinks-flag": "^1.0.0"
          }
        },
        "resolve-from": {
          "version": "5.0.0",
          "resolved": "https://registry.npmjs.org/resolve-from/-/resolve-from-5.0.0.tgz",
          "integrity": "sha512-qYg9KP24dD5qka9J47d0aVky0N+b4fTU89LN9iDnjB5waksiC49rvMB0PrUJQGoTmH50XPiqOvAjDfaijGxYZw=="
        },
        "tildify": {
          "version": "2.0.0",
          "resolved": "https://registry.npmjs.org/tildify/-/tildify-2.0.0.tgz",
          "integrity": "sha512-Cc+OraorugtXNfs50hU9KS369rFXCfgGLpfCfvlc+Ud5u6VWmUQsOAa9HbTvheQdYnrdJqqv1e5oIqXppMYnSw=="
        }
      }
    },
    "koa": {
      "version": "2.3.0",
      "resolved": "https://registry.npmjs.org/koa/-/koa-2.3.0.tgz",
      "integrity": "sha1-nh6OTaQBg5xXuFJ+rcV/dhJ1Vac=",
      "dependencies": {
        "koa-compose": {
          "version": "4.0.0",
          "resolved": "https://registry.npmjs.org/koa-compose/-/koa-compose-4.0.0.tgz",
          "integrity": "sha1-KAClE9nDYe8NY4UrA45Pby1adzw="
        }
      }
    },
    "koa-bodyparser": {
      "version": "4.2.0",
      "resolved": "https://registry.npmjs.org/koa-bodyparser/-/koa-bodyparser-4.2.0.tgz",
      "integrity": "sha1-vObgi8Zfhwm20fqpQRx/DYk4qlQ="
    },
    "koa-compose": {
      "version": "4.0.0",
      "resolved": "https://registry.npmjs.org/koa-compose/-/koa-compose-4.0.0.tgz",
      "integrity": "sha1-KAClE9nDYe8NY4UrA45Pby1adzw="
    },
    "koa-router": {
      "version": "7.2.1",
      "resolved": "https://registry.npmjs.org/koa-router/-/koa-router-7.2.1.tgz",
      "integrity": "sha1-tApKs8attLQIld69AKnGQDBOMDk="
    },
    "lodash": {
      "version": "4.17.4",
      "resolved": "https://registry.npmjs.org/lodash/-/lodash-4.17.4.tgz",
      "integrity": "sha1-eCA6TRwyiuHYbcpkYONptX9AVa4="
    },
    "mocha": {
      "version": "3.4.2",
      "resolved": "https://registry.npmjs.org/mocha/-/mocha-3.4.2.tgz",
      "integrity": "sha1-0O9NMyEm2/GNDWQMmzgt1IvpdZQ=",
      "dev": true,
      "dependencies": {
        "debug": {
          "version": "2.6.0",
          "resolved": "https://registry.npmjs.org/debug/-/debug-2.6.0.tgz",
          "integrity": "sha1-vFlryr52F/Edn6FTYe3tVgi4SZs="
        },
        "glob": {
          "version": "7.1.1",
          "resolved": "https://registry.npmjs.org/glob/-/glob-7.1.1.tgz",
          "integrity": "sha1-gFIR3wT6rxxjo2ADBs31reULLsg="
        },
        "ms": {
          "version": "0.7.2",
          "resolved": "https://registry.npmjs.org/ms/-/ms-0.7.2.tgz",
          "integrity": "sha1-riXPJRKziFodldfwN4aNhDESR2U="
        },
        "supports-color": {
          "version": "3.1.2",
          "resolved": "https://registry.npmjs.org/supports-color/-/supports-color-3.1.2.tgz",
          "integrity": "sha1-cqJiiU2dQIuVbKBf83su2KbiotU="
        }
      }
    },
    "nock": {
      "version": "9.0.13",
      "resolved": "https://registry.npmjs.org/nock/-/nock-9.0.13.tgz",
      "integrity": "sha1-0Lw570PTF5mB4isujqBp+RbFeBo=",
      "dev": true,
      "dependencies": {
        "chai": {
          "version": "3.5.0",
          "resolved": "https://registry.npmjs.org/chai/-/chai-3.5.0.tgz",
          "integrity": "sha1-TQJjewZ/6Vi9v906QOxW/vc3Mkc="
        },
        "deep-eql": {
          "version": "0.1.3",
          "resolved": "https://registry.npmjs.org/deep-eql/-/deep-eql-0.1.3.tgz",
          "integrity": "sha1-71WKyrjeJSBs1xOQbXTlaTDrafI=",
          "dependencies": {
            "type-detect": {
              "version": "0.1.1",
              "resolved": "https://registry.npmjs.org/type-detect/-/type-detect-0.1.1.tgz",
              "integrity": "sha1-C6XsKohWQORw6k6FBZcZANrFiCI="
            }
          }
        },
        "type-detect": {
          "version": "1.0.0",
          "resolved": "https://registry.npmjs.org/type-detect/-/type-detect-1.0.0.tgz",
          "integrity": "sha1-diIXzAbbJY7EiQihKY6LlRIejqI="
        }
      }
    },
    "nodemon": {
      "version": "1.11.0",
      "resolved": "https://registry.npmjs.org/nodemon/-/nodemon-1.11.0.tgz",
      "integrity": "sha1-ImxWK9KnsT09dRi0mtSCijYj0Gw=",
      "dev": true
    },
    "pg": {
      "version": "6.4.0",
      "resolved": "https://registry.npmjs.org/pg/-/pg-6.4.0.tgz",
      "integrity": "sha1-y3a6Lnwuq4n8ZL96n+ZIztckNtw=",
      "dependencies": {
        "semver": {
          "version": "4.3.2",
          "resolved": "https://registry.npmjs.org/semver/-/semver-4.3.2.tgz",
          "integrity": "sha1-x6BxWKgL7dBSNVt3DYLWZA+AO+c="
        }
      }
    },
    "pg-connection-string": {
      "version": "0.1.3",
      "resolved": "https://registry.npmjs.org/pg-connection-string/-/pg-connection-string-0.1.3.tgz",
      "integrity": "sha1-2hhHsglA5C7hSSvq9l1J2RskXfc="
    },
    "qs": {
      "version": "6.5.0",
      "resolved": "https://registry.npmjs.org/qs/-/qs-6.5.0.tgz",
      "integrity": "sha512-fjVFjW9yhqMhVGwRExCXLhJKrLlkYSaxNWdyc9rmHlrVZbk35YHH312dFd7191uQeXkI3mKLZTIbSvIeFwFemg=="
    },
    "request": {
      "version": "2.81.0",
      "resolved": "https://registry.npmjs.org/request/-/request-2.81.0.tgz",
      "integrity": "sha1-xpKJRqDgbF+Nb4qTM0af/aRimKA=",
      "dependencies": {
        "assert-plus": {
          "version": "0.2.0",
          "resolved": "https://registry.npmjs.org/assert-plus/-/assert-plus-0.2.0.tgz",
          "integrity": "sha1-104bh+ev/A24qttwIfP+SBAasjQ="
        },
        "aws-sign2": {
          "version": "0.6.0",
          "resolved": "https://registry.npmjs.org/aws-sign2/-/aws-sign2-0.6.0.tgz",
          "integrity": "sha1-FDQt0428yU0OW4fXY81jYSwOeU8="
        },
        "boom": {
          "version": "2.10.1",
          "resolved": "https://registry.npmjs.org/boom/-/boom-2.10.1.tgz",
          "integrity": "sha1-OciRjO/1eZ+D+UkqhI9iWt0Mdm8="
        },
        "combined-stream": {
          "version": "1.0.5",
          "resolved": "https://registry.npmjs.org/combined-stream/-/combined-stream-1.0.5.tgz",
          "integrity": "sha1-k4NwpXtKUd6ix3wV1cX9+JUWQAk="
        },
        "cryptiles": {
          "version": "2.0.5",
          "resolved": "https://registry.npmjs.org/cryptiles/-/cryptiles-2.0.5.tgz",
          "integrity": "sha1-O9/s3GCBR8HGcgL6KR59ylnqo7g="
        },
        "delayed-stream": {
          "version": "1.0.0",
          "resolved": "https://registry.npmjs.org/delayed-stream/-/delayed-stream-1.0.0.tgz",
          "integrity": "sha1-3zrhmayt+31ECqrgsp4icrJOxhk="
        },
        "forever-agent": {
          "version": "0.6.1",
          "resolved": "https://registry.npmjs.org/forever-agent/-/forever-agent-0.6.1.tgz",
          "integrity": "sha1-+8cfDEGt6zf5bFd60e1C2P2sypE="
        },
        "form-data": {
          "version": "2.1.4",
          "resolved": "https://registry.npmjs.org/form-data/-/form-data-2.1.4.tgz",
          "integrity": "sha1-M8GDrPGTJ27KqYFDpp6Uv+4XUNE="
        },
        "hawk": {
          "version": "3.1.3",
          "resolved": "https://registry.npmjs.org/hawk/-/hawk-3.1.3.tgz",
          "integrity": "sha1-B4REvXwWQLD+VA0sm3PVlnjo4cQ="
        },
        "hoek": {
          "version": "2.16.3",
          "resolved": "https://registry.npmjs.org/hoek/-/hoek-2.16.3.tgz",
          "integrity": "sha1-ILt0A9POo5jpHcRxCo/xuCdKJe0="
        },
        "http-signature": {
          "version": "1.1.1",
          "resolved": "https://registry.npmjs.org/http-signature/-/http-signature-1.1.1.tgz",
          "integrity": "sha1-33LiZwZs0Kxn+3at+OE0qPvPkb8="
        },
        "oauth-sign": {
          "version": "0.8.2",
          "resolved": "https://registry.npmjs.org/oauth-sign/-/oauth-sign-0.8.2.tgz",
          "integrity": "sha1-Rqarfwrq2N6unsBWV4C31O/rnUM="
        },
        "sntp": {
          "version": "1.0.9",
          "resolved": "https://registry.npmjs.org/sntp/-/sntp-1.0.9.tgz",
          "integrity": "sha1-ZUEYTMkK7qbG57NeJlkIJEPGYZg="
        },
        "tunnel-agent": {
          "version": "0.6.0",
          "resolved": "https://registry.npmjs.org/tunnel-agent/-/tunnel-agent-0.6.0.tgz",
          "integrity": "sha1-J6XeoGs2sEoKmWZ3SykIaPD8QP0="
        },
        "uuid": {
          "version": "3.1.0",
          "resolved": "https://registry.npmjs.org/uuid/-/uuid-3.1.0.tgz",
          "integrity": "sha512-DIWtzUkw04M4k3bf1IcpS2tngXEL26YUD2M0tMDUpnUrz2hgzUBlD55a4FjdLGPvfHxS6uluGWvaVEqgBcVa+g=="
        }
      }
    },
    "request-promise-native": {
      "version": "1.0.4",
      "resolved": "https://registry.npmjs.org/request-promise-native/-/request-promise-native-1.0.4.tgz",
      "integrity": "sha1-hpiOyO7kCORVefzoO/0Fs635oVU="
    },
    "semver": {
      "version": "5.3.0",
      "resolved": "https://registry.npmjs.org/semver/-/semver-5.3.0.tgz",
      "integrity": "sha1-myzl094C0XxgEq0yaqa00M9U+U8="
    },
    "sinon": {
      "version": "2.3.6",
      "resolved": "https://registry.npmjs.org/sinon/-/sinon-2.3.6.tgz",
      "integrity": "sha1-lTeOfg+XapcS6bRZH/WznnPcPd4="
    },
    "sinon-chai": {
      "version": "2.11.0",
      "resolved": "https://registry.npmjs.org/sinon-chai/-/sinon-chai-2.11.0.tgz",
      "integrity": "sha512-3kbzpr2q8N+M4CWkcym349ifwkXorsbw2YyVpEIvB3AKC/ebrLHXj3DySt8epKGA49zJBSgn1OvWHZ+O+aR0dA=="
    },
    "super-request": {
      "version": "1.2.0",
      "resolved": "https://registry.npmjs.org/super-request/-/super-request-1.2.0.tgz",
      "integrity": "sha1-6WaiWf3P2UT61q07OBfNCO93qog=",
      "dev": true,
      "dependencies": {
        "methods": {
          "version": "0.1.0",
          "resolved": "https://registry.npmjs.org/methods/-/methods-0.1.0.tgz",
          "integrity": "sha1-M11Cnu/SG3us8unJIqjSvRSjDk8="
        }
      }
    },
    "supports-preserve-symlinks-flag": {
      "version": "1.0.0",
      "resolved": "https://registry.npmjs.org/supports-preserve-symlinks-flag/-/supports-preserve-symlinks-flag-1.0.0.tgz",
      "integrity": "sha512-ot0WnXS9fgdkgIcePe6RHNk1WA8+muPa6cSjeR3V8K27q9BB1rTE3R1p7Hv0z1ZyAc8s6Vvv8DIyWf681MAt0w=="
    },
    "tarn": {
      "version": "3.0.2",
      "resolved": "https://registry.npmjs.org/tarn/-/tarn-3.0.2.tgz",
      "integrity": "sha512-51LAVKUSZSVfI05vjPESNc5vwqqZpbXCsU+/+wxlOrUjk2SnFTt97v9ZgQrD4YmxYW1Px6w2KjaDitCfkvgxMQ=="
    },
    "winston": {
      "version": "2.3.1",
      "resolved": "https://registry.npmjs.org/winston/-/winston-2.3.1.tgz",
      "integrity": "sha1-C0hCDZeMAYBM8CMLZIhhWYIloRk=",
      "dependencies": {
        "async": {
          "version": "1.0.0",
          "resolved": "https://registry.npmjs.org/async/-/async-1.0.0.tgz",
          "integrity": "sha1-+PwEyjoTeErenhZBr5hXjPvWR6k="
        }
      }
    }
  }
}
